
Microsoft Visual Studio Solution File, Format Version 12.00
# Visual Studio 15
VisualStudioVersion = 15.0.28307.271
MinimumVisualStudioVersion = 10.0.40219.1
Project("{FAE04EC0-301F-11D3-BF4B-00C04F79EFBC}") = "SavingData", "SavingData\SavingData.csproj", "{CA2CAAED-6DE4-4F81-9216-1F494C865BBA}"
EndProject
Global
	GlobalSection(SolutionConfigurationPlatforms) = preSolution
		Debug|Any CPU = Debug|Any CPU
		Release|Any CPU = Release|Any CPU
	EndGlobalSection
	GlobalSection(ProjectConfigurationPlatforms) = postSolution
		{CA2CAAED-6DE4-4F81-9216-1F494C865BBA}.Debug|Any CPU.ActiveCfg = Debug|Any CPU
		{CA2CAAED-6DE4-4F81-9216-1F494C865BBA}.Debug|Any CPU.Build.0 = Debug|Any CPU
		{CA2CAAED-6DE4-4F81-9216-1F494C865BBA}.Release|Any CPU.ActiveCfg = Release|Any CPU
		{CA2CAAED-6DE4-4F81-9216-1F494C865BBA}.Release|Any CPU.Build.0 = Release|Any CPU
	EndGlobalSection
	GlobalSection(SolutionProperties) = preSolution
		HideSolutionNode = FALSE
	EndGlobalSection
	GlobalSection(ExtensibilityGlobals) = postSolution
		SolutionGuid = {E2619BD5-35DE-4B8A-BC1B-2004213CA4A9}
	EndGlobalSection
EndGlobal
